
Microsoft Visual Studio Solution File, Format Version 12.00
# Visual Studio Version 17
VisualStudioVersion = 17.8.34525.116
MinimumVisualStudioVersion = 10.0.40219.1
Project("{FAE04EC0-301F-11D3-BF4B-00C04F79EFBC}") = "FitnessClientWPF", "FitnessClientWPF\FitnessClientWPF.csproj", "{CFAF3446-6F8C-44BA-8A89-AE94B968B868}"
EndProject
Project("{FAE04EC0-301F-11D3-BF4B-00C04F79EFBC}") = "FitnessManagementClient", "FitnessClientWPF\FitnessManagementClient\FitnessManagementClient.csproj", "{40E88664-91C2-4DD0-899F-2D20D925F582}"
EndProject
Global
	GlobalSection(SolutionConfigurationPlatforms) = preSolution
		Debug|Any CPU = Debug|Any CPU
		Release|Any CPU = Release|Any CPU
	EndGlobalSection
	GlobalSection(ProjectConfigurationPlatforms) = postSolution
		{CFAF3446-6F8C-44BA-8A89-AE94B968B868}.Debug|Any CPU.ActiveCfg = Debug|Any CPU
		{CFAF3446-6F8C-44BA-8A89-AE94B968B868}.Debug|Any CPU.Build.0 = Debug|Any CPU
		{CFAF3446-6F8C-44BA-8A89-AE94B968B868}.Release|Any CPU.ActiveCfg = Release|Any CPU
		{CFAF3446-6F8C-44BA-8A89-AE94B968B868}.Release|Any CPU.Build.0 = Release|Any CPU
		{40E88664-91C2-4DD0-899F-2D20D925F582}.Debug|Any CPU.ActiveCfg = Debug|Any CPU
		{40E88664-91C2-4DD0-899F-2D20D925F582}.Debug|Any CPU.Build.0 = Debug|Any CPU
		{40E88664-91C2-4DD0-899F-2D20D925F582}.Release|Any CPU.ActiveCfg = Release|Any CPU
		{40E88664-91C2-4DD0-899F-2D20D925F582}.Release|Any CPU.Build.0 = Release|Any CPU
	EndGlobalSection
	GlobalSection(SolutionProperties) = preSolution
		HideSolutionNode = FALSE
	EndGlobalSection
	GlobalSection(ExtensibilityGlobals) = postSolution
		SolutionGuid = {AAB17827-31AD-42EB-ACCB-CB2603248F8C}
	EndGlobalSection
EndGlobal
