
Microsoft Visual Studio Solution File, Format Version 12.00
# Visual Studio Version 17
VisualStudioVersion = 17.8.34525.116
MinimumVisualStudioVersion = 10.0.40219.1
Project("{9A19103F-16F7-4668-BE54-9A1E7A4F7556}") = "FitnessManagement.BL", "FitnessManagement.BL\FitnessManagement.BL.csproj", "{B371B754-03F3-4980-BB1C-885E9C55016F}"
EndProject
Project("{FAE04EC0-301F-11D3-BF4B-00C04F79EFBC}") = "FitnessManagement.EF", "FitnessManagement.EF\FitnessManagement.EF.csproj", "{CACEFA9D-CDDD-4D82-8157-90FB4A66C7D1}"
EndProject
Global
	GlobalSection(SolutionConfigurationPlatforms) = preSolution
		Debug|Any CPU = Debug|Any CPU
		Release|Any CPU = Release|Any CPU
	EndGlobalSection
	GlobalSection(ProjectConfigurationPlatforms) = postSolution
		{B371B754-03F3-4980-BB1C-885E9C55016F}.Debug|Any CPU.ActiveCfg = Debug|Any CPU
		{B371B754-03F3-4980-BB1C-885E9C55016F}.Debug|Any CPU.Build.0 = Debug|Any CPU
		{B371B754-03F3-4980-BB1C-885E9C55016F}.Release|Any CPU.ActiveCfg = Release|Any CPU
		{B371B754-03F3-4980-BB1C-885E9C55016F}.Release|Any CPU.Build.0 = Release|Any CPU
		{CACEFA9D-CDDD-4D82-8157-90FB4A66C7D1}.Debug|Any CPU.ActiveCfg = Debug|Any CPU
		{CACEFA9D-CDDD-4D82-8157-90FB4A66C7D1}.Debug|Any CPU.Build.0 = Debug|Any CPU
		{CACEFA9D-CDDD-4D82-8157-90FB4A66C7D1}.Release|Any CPU.ActiveCfg = Release|Any CPU
		{CACEFA9D-CDDD-4D82-8157-90FB4A66C7D1}.Release|Any CPU.Build.0 = Release|Any CPU
	EndGlobalSection
	GlobalSection(SolutionProperties) = preSolution
		HideSolutionNode = FALSE
	EndGlobalSection
	GlobalSection(ExtensibilityGlobals) = postSolution
		SolutionGuid = {D95E6900-DAC7-40B7-89BC-D59A3E9DEB32}
	EndGlobalSection
EndGlobal
